
Microsoft Visual Studio Solution File, Format Version 12.00
# Visual Studio 15
Project("{FAE04EC0-301F-11D3-BF4B-00C04F79EFBC}") = "AssetBundleBuild", "AssetBundleBuild.csproj", "{FD5D396C-8EB8-D627-70BE-12C2C945276A}"
EndProject
Project("{FAE04EC0-301F-11D3-BF4B-00C04F79EFBC}") = "AssetBundleBuild.Editor", "AssetBundleBuild.Editor.csproj", "{EAF43CAC-DB29-6DB1-6734-BA26EC75D1C2}"
EndProject
Global
	GlobalSection(SolutionConfigurationPlatforms) = preSolution
		Debug|Any CPU = Debug|Any CPU
		Release|Any CPU = Release|Any CPU
	EndGlobalSection
	GlobalSection(ProjectConfigurationPlatforms) = postSolution
		{FD5D396C-8EB8-D627-70BE-12C2C945276A}.Debug|Any CPU.ActiveCfg = Debug|Any CPU
		{FD5D396C-8EB8-D627-70BE-12C2C945276A}.Debug|Any CPU.Build.0 = Debug|Any CPU
		{FD5D396C-8EB8-D627-70BE-12C2C945276A}.Release|Any CPU.ActiveCfg = Release|Any CPU
		{FD5D396C-8EB8-D627-70BE-12C2C945276A}.Release|Any CPU.Build.0 = Release|Any CPU
		{EAF43CAC-DB29-6DB1-6734-BA26EC75D1C2}.Debug|Any CPU.ActiveCfg = Debug|Any CPU
		{EAF43CAC-DB29-6DB1-6734-BA26EC75D1C2}.Debug|Any CPU.Build.0 = Debug|Any CPU
		{EAF43CAC-DB29-6DB1-6734-BA26EC75D1C2}.Release|Any CPU.ActiveCfg = Release|Any CPU
		{EAF43CAC-DB29-6DB1-6734-BA26EC75D1C2}.Release|Any CPU.Build.0 = Release|Any CPU
	EndGlobalSection
	GlobalSection(SolutionProperties) = preSolution
		HideSolutionNode = FALSE
	EndGlobalSection
EndGlobal
