
Microsoft Visual Studio Solution File, Format Version 12.00
# Visual Studio 15
Project("{FAE04EC0-301F-11D3-BF4B-00C04F79EFBC}") = "ParUIDemo2", "ParUIDemo2.csproj", "{2032F37A-4E35-C1CF-1CCA-B96EE6E80EFD}"
EndProject
Project("{FAE04EC0-301F-11D3-BF4B-00C04F79EFBC}") = "ParUIDemo2.Editor", "ParUIDemo2.Editor.csproj", "{0D4850F6-CDD8-FAC4-F780-1D66925C3048}"
EndProject
Global
	GlobalSection(SolutionConfigurationPlatforms) = preSolution
		Debug|Any CPU = Debug|Any CPU
		Release|Any CPU = Release|Any CPU
	EndGlobalSection
	GlobalSection(ProjectConfigurationPlatforms) = postSolution
		{2032F37A-4E35-C1CF-1CCA-B96EE6E80EFD}.Debug|Any CPU.ActiveCfg = Debug|Any CPU
		{2032F37A-4E35-C1CF-1CCA-B96EE6E80EFD}.Debug|Any CPU.Build.0 = Debug|Any CPU
		{2032F37A-4E35-C1CF-1CCA-B96EE6E80EFD}.Release|Any CPU.ActiveCfg = Release|Any CPU
		{2032F37A-4E35-C1CF-1CCA-B96EE6E80EFD}.Release|Any CPU.Build.0 = Release|Any CPU
		{0D4850F6-CDD8-FAC4-F780-1D66925C3048}.Debug|Any CPU.ActiveCfg = Debug|Any CPU
		{0D4850F6-CDD8-FAC4-F780-1D66925C3048}.Debug|Any CPU.Build.0 = Debug|Any CPU
		{0D4850F6-CDD8-FAC4-F780-1D66925C3048}.Release|Any CPU.ActiveCfg = Release|Any CPU
		{0D4850F6-CDD8-FAC4-F780-1D66925C3048}.Release|Any CPU.Build.0 = Release|Any CPU
	EndGlobalSection
	GlobalSection(SolutionProperties) = preSolution
		HideSolutionNode = FALSE
	EndGlobalSection
EndGlobal
